# Generated by pub
# See http://pub.dartlang.org/doc/glossary.html#lockfile
packages:
  vector_math:
    description:
      ref: null
      resolved-ref: "888f82fd13dc02193f17750b3172f96d8e693110"
      url: "https://github.com/johnmccutchan/vector_math.git"
    source: git
    version: "1.4.4-dev"
