// !$*UTF8*$!
{
	archiveVersion = 1;
	classes = {
	};
	objectVersion = 46;
	objects = {

/* Begin PBXBuildFile section */
		0091D8F90E81B9330029341E /* OpenGL.framework in Frameworks */ = {isa = PBXBuildFile; fileRef = 0091D8F80E81B9330029341E /* OpenGL.framework */; };
		00B784B30FF439BC000DE1D7 /* Accelerate.framework in Frameworks */ = {isa = PBXBuildFile; fileRef = 00B784AF0FF439BC000DE1D7 /* Accelerate.framework */; };
		00B784B40FF439BC000DE1D7 /* AudioToolbox.framework in Frameworks */ = {isa = PBXBuildFile; fileRef = 00B784B00FF439BC000DE1D7 /* AudioToolbox.framework */; };
		00B784B50FF439BC000DE1D7 /* AudioUnit.framework in Frameworks */ = {isa = PBXBuildFile; fileRef = 00B784B10FF439BC000DE1D7 /* AudioUnit.framework */; };
		00B784B60FF439BC000DE1D7 /* CoreAudio.framework in Frameworks */ = {isa = PBXBuildFile; fileRef = 00B784B20FF439BC000DE1D7 /* CoreAudio.framework */; };
		11F2FCD3174B3D9D004B69D5 /* DartTypes.cpp in Sources */ = {isa = PBXBuildFile; fileRef = 11F2FCD1174B3D9D004B69D5 /* DartTypes.cpp */; };
		11F2FCD5174B4469004B69D5 /* main.dart in Resources */ = {isa = PBXBuildFile; fileRef = 11F2FCD4174B4469004B69D5 /* main.dart */; };
		4A28A468A8694C20A3EA5ABC /* CinderDart.cpp in Sources */ = {isa = PBXBuildFile; fileRef = 93D66D98C7BF4530A8C085DC /* CinderDart.cpp */; };
		5323E6B20EAFCA74003A9687 /* CoreVideo.framework in Frameworks */ = {isa = PBXBuildFile; fileRef = 5323E6B10EAFCA74003A9687 /* CoreVideo.framework */; };
		5323E6B60EAFCA7E003A9687 /* QTKit.framework in Frameworks */ = {isa = PBXBuildFile; fileRef = 5323E6B50EAFCA7E003A9687 /* QTKit.framework */; };
		59CE73DB70064828835143A5 /* CinderApp.icns in Resources */ = {isa = PBXBuildFile; fileRef = 4C3A5872A52A4121A541E814 /* CinderApp.icns */; };
		8D11072F0486CEB800E47090 /* Cocoa.framework in Frameworks */ = {isa = PBXBuildFile; fileRef = 1058C7A1FEA54F0111CA2CBB /* Cocoa.framework */; };
		BB7EFB0435F5450985C16995 /* snapshot_gen.bin in Resources */ = {isa = PBXBuildFile; fileRef = 874971AC32164FC49860FAEC /* snapshot_gen.bin */; };
		E11B07B22E3D4B08A4C6ED11 /* DartBasicApp.cpp in Sources */ = {isa = PBXBuildFile; fileRef = 9B083A6ED8DE4EDC810DB7D4 /* DartBasicApp.cpp */; };
/* End PBXBuildFile section */

/* Begin PBXFileReference section */
		0091D8F80E81B9330029341E /* OpenGL.framework */ = {isa = PBXFileReference; lastKnownFileType = wrapper.framework; name = OpenGL.framework; path = /System/Library/Frameworks/OpenGL.framework; sourceTree = "<absolute>"; };
		00B784AF0FF439BC000DE1D7 /* Accelerate.framework */ = {isa = PBXFileReference; lastKnownFileType = wrapper.framework; name = Accelerate.framework; path = System/Library/Frameworks/Accelerate.framework; sourceTree = SDKROOT; };
		00B784B00FF439BC000DE1D7 /* AudioToolbox.framework */ = {isa = PBXFileReference; lastKnownFileType = wrapper.framework; name = AudioToolbox.framework; path = System/Library/Frameworks/AudioToolbox.framework; sourceTree = SDKROOT; };
		00B784B10FF439BC000DE1D7 /* AudioUnit.framework */ = {isa = PBXFileReference; lastKnownFileType = wrapper.framework; name = AudioUnit.framework; path = System/Library/Frameworks/AudioUnit.framework; sourceTree = SDKROOT; };
		00B784B20FF439BC000DE1D7 /* CoreAudio.framework */ = {isa = PBXFileReference; lastKnownFileType = wrapper.framework; name = CoreAudio.framework; path = System/Library/Frameworks/CoreAudio.framework; sourceTree = SDKROOT; };
		1058C7A1FEA54F0111CA2CBB /* Cocoa.framework */ = {isa = PBXFileReference; lastKnownFileType = wrapper.framework; name = Cocoa.framework; path = /System/Library/Frameworks/Cocoa.framework; sourceTree = "<absolute>"; };
		11F2FCD01749D68D004B69D5 /* debug.h */ = {isa = PBXFileReference; lastKnownFileType = sourcecode.c.h; name = debug.h; path = ../../../src/debug.h; sourceTree = "<group>"; };
		11F2FCD1174B3D9D004B69D5 /* DartTypes.cpp */ = {isa = PBXFileReference; fileEncoding = 4; lastKnownFileType = sourcecode.cpp.cpp; name = DartTypes.cpp; path = ../../../src/DartTypes.cpp; sourceTree = "<group>"; };
		11F2FCD2174B3D9D004B69D5 /* DartTypes.h */ = {isa = PBXFileReference; fileEncoding = 4; lastKnownFileType = sourcecode.c.h; name = DartTypes.h; path = ../../../src/DartTypes.h; sourceTree = "<group>"; };
		11F2FCD4174B4469004B69D5 /* main.dart */ = {isa = PBXFileReference; fileEncoding = 4; lastKnownFileType = text; name = main.dart; path = ../resources/main.dart; sourceTree = "<group>"; };
		2730F19BCC084D6B89BBA052 /* DartBasic_Prefix.pch */ = {isa = PBXFileReference; lastKnownFileType = "\"\""; path = DartBasic_Prefix.pch; sourceTree = "<group>"; };
		29B97324FDCFA39411CA2CEA /* AppKit.framework */ = {isa = PBXFileReference; lastKnownFileType = wrapper.framework; name = AppKit.framework; path = /System/Library/Frameworks/AppKit.framework; sourceTree = "<absolute>"; };
		29B97325FDCFA39411CA2CEA /* Foundation.framework */ = {isa = PBXFileReference; lastKnownFileType = wrapper.framework; name = Foundation.framework; path = /System/Library/Frameworks/Foundation.framework; sourceTree = "<absolute>"; };
		4C3A5872A52A4121A541E814 /* CinderApp.icns */ = {isa = PBXFileReference; lastKnownFileType = image.icns; name = CinderApp.icns; path = ../resources/CinderApp.icns; sourceTree = "<group>"; };
		5323E6B10EAFCA74003A9687 /* CoreVideo.framework */ = {isa = PBXFileReference; lastKnownFileType = wrapper.framework; name = CoreVideo.framework; path = /System/Library/Frameworks/CoreVideo.framework; sourceTree = "<absolute>"; };
		5323E6B50EAFCA7E003A9687 /* QTKit.framework */ = {isa = PBXFileReference; lastKnownFileType = wrapper.framework; name = QTKit.framework; path = /System/Library/Frameworks/QTKit.framework; sourceTree = "<absolute>"; };
		571E7862924A423CA1FB7F4C /* Info.plist */ = {isa = PBXFileReference; lastKnownFileType = text.plist.xml; path = Info.plist; sourceTree = "<group>"; };
		5C516BF45D3C4A65B7573F2D /* dart_api.h */ = {isa = PBXFileReference; lastKnownFileType = sourcecode.c.h; name = dart_api.h; path = "../../../../../cinder-dev/blocks/Cinder-Dart/dart-runtime/dart_api.h"; sourceTree = "<group>"; };
		859FFBEE3C6D4526A3D6550F /* Resources.h */ = {isa = PBXFileReference; lastKnownFileType = sourcecode.c.h; name = Resources.h; path = ../include/Resources.h; sourceTree = "<group>"; };
		874971AC32164FC49860FAEC /* snapshot_gen.bin */ = {isa = PBXFileReference; lastKnownFileType = "\"\""; name = snapshot_gen.bin; path = "../../../../../cinder-dev/blocks/Cinder-Dart/dart-runtime/osx/snapshot_gen.bin"; sourceTree = "<group>"; };
		8D1107320486CEB800E47090 /* DartBasic.app */ = {isa = PBXFileReference; explicitFileType = wrapper.application; includeInIndex = 0; path = DartBasic.app; sourceTree = BUILT_PRODUCTS_DIR; };
		93D66D98C7BF4530A8C085DC /* CinderDart.cpp */ = {isa = PBXFileReference; lastKnownFileType = sourcecode.c.cpp; name = CinderDart.cpp; path = "../../../../../cinder-dev/blocks/Cinder-Dart/src/CinderDart.cpp"; sourceTree = "<group>"; };
		9B083A6ED8DE4EDC810DB7D4 /* DartBasicApp.cpp */ = {isa = PBXFileReference; lastKnownFileType = sourcecode.c.cpp; name = DartBasicApp.cpp; path = ../src/DartBasicApp.cpp; sourceTree = "<group>"; };
		BE4157FBC00D499E8A1E823A /* CinderDart.h */ = {isa = PBXFileReference; lastKnownFileType = sourcecode.c.h; name = CinderDart.h; path = "../../../../../cinder-dev/blocks/Cinder-Dart/src/CinderDart.h"; sourceTree = "<group>"; };
/* End PBXFileReference section */

/* Begin PBXFrameworksBuildPhase section */
		8D11072E0486CEB800E47090 /* Frameworks */ = {
			isa = PBXFrameworksBuildPhase;
			buildActionMask = 2147483647;
			files = (
				8D11072F0486CEB800E47090 /* Cocoa.framework in Frameworks */,
				0091D8F90E81B9330029341E /* OpenGL.framework in Frameworks */,
				5323E6B20EAFCA74003A9687 /* CoreVideo.framework in Frameworks */,
				5323E6B60EAFCA7E003A9687 /* QTKit.framework in Frameworks */,
				00B784B30FF439BC000DE1D7 /* Accelerate.framework in Frameworks */,
				00B784B40FF439BC000DE1D7 /* AudioToolbox.framework in Frameworks */,
				00B784B50FF439BC000DE1D7 /* AudioUnit.framework in Frameworks */,
				00B784B60FF439BC000DE1D7 /* CoreAudio.framework in Frameworks */,
			);
			runOnlyForDeploymentPostprocessing = 0;
		};
/* End PBXFrameworksBuildPhase section */

/* Begin PBXGroup section */
		01B97315FEAEA392516A2CEA /* Blocks */ = {
			isa = PBXGroup;
			children = (
				9FB34CE63DAD445591DD2911 /* Dart */,
			);
			name = Blocks;
			sourceTree = "<group>";
		};
		080E96DDFE201D6D7F000001 /* Source */ = {
			isa = PBXGroup;
			children = (
				9B083A6ED8DE4EDC810DB7D4 /* DartBasicApp.cpp */,
			);
			name = Source;
			sourceTree = "<group>";
		};
		1058C7A0FEA54F0111CA2CBB /* Linked Frameworks */ = {
			isa = PBXGroup;
			children = (
				00B784AF0FF439BC000DE1D7 /* Accelerate.framework */,
				00B784B00FF439BC000DE1D7 /* AudioToolbox.framework */,
				00B784B10FF439BC000DE1D7 /* AudioUnit.framework */,
				00B784B20FF439BC000DE1D7 /* CoreAudio.framework */,
				5323E6B50EAFCA7E003A9687 /* QTKit.framework */,
				5323E6B10EAFCA74003A9687 /* CoreVideo.framework */,
				0091D8F80E81B9330029341E /* OpenGL.framework */,
				1058C7A1FEA54F0111CA2CBB /* Cocoa.framework */,
			);
			name = "Linked Frameworks";
			sourceTree = "<group>";
		};
		1058C7A2FEA54F0111CA2CBB /* Other Frameworks */ = {
			isa = PBXGroup;
			children = (
				29B97324FDCFA39411CA2CEA /* AppKit.framework */,
				29B97325FDCFA39411CA2CEA /* Foundation.framework */,
			);
			name = "Other Frameworks";
			sourceTree = "<group>";
		};
		19C28FACFE9D520D11CA2CBB /* Products */ = {
			isa = PBXGroup;
			children = (
				8D1107320486CEB800E47090 /* DartBasic.app */,
			);
			name = Products;
			sourceTree = "<group>";
		};
		29B97314FDCFA39411CA2CEA /* DartBasic */ = {
			isa = PBXGroup;
			children = (
				01B97315FEAEA392516A2CEA /* Blocks */,
				29B97315FDCFA39411CA2CEA /* Headers */,
				080E96DDFE201D6D7F000001 /* Source */,
				29B97317FDCFA39411CA2CEA /* Resources */,
				29B97323FDCFA39411CA2CEA /* Frameworks */,
				19C28FACFE9D520D11CA2CBB /* Products */,
			);
			name = DartBasic;
			sourceTree = "<group>";
		};
		29B97315FDCFA39411CA2CEA /* Headers */ = {
			isa = PBXGroup;
			children = (
				859FFBEE3C6D4526A3D6550F /* Resources.h */,
				2730F19BCC084D6B89BBA052 /* DartBasic_Prefix.pch */,
			);
			name = Headers;
			sourceTree = "<group>";
		};
		29B97317FDCFA39411CA2CEA /* Resources */ = {
			isa = PBXGroup;
			children = (
				4C3A5872A52A4121A541E814 /* CinderApp.icns */,
				571E7862924A423CA1FB7F4C /* Info.plist */,
			);
			name = Resources;
			sourceTree = "<group>";
		};
		29B97323FDCFA39411CA2CEA /* Frameworks */ = {
			isa = PBXGroup;
			children = (
				1058C7A0FEA54F0111CA2CBB /* Linked Frameworks */,
				1058C7A2FEA54F0111CA2CBB /* Other Frameworks */,
			);
			name = Frameworks;
			sourceTree = "<group>";
		};
		88177B35441041BD98AFE4AD /* dart-runtime */ = {
			isa = PBXGroup;
			children = (
				5C516BF45D3C4A65B7573F2D /* dart_api.h */,
				BDDBE01FED384E45B8F9F9BE /* osx */,
			);
			name = "dart-runtime";
			sourceTree = "<group>";
		};
		9FB34CE63DAD445591DD2911 /* Dart */ = {
			isa = PBXGroup;
			children = (
				88177B35441041BD98AFE4AD /* dart-runtime */,
				E4AB3925906043CC8B28FA6A /* src */,
			);
			name = Dart;
			sourceTree = "<group>";
		};
		BDDBE01FED384E45B8F9F9BE /* osx */ = {
			isa = PBXGroup;
			children = (
				874971AC32164FC49860FAEC /* snapshot_gen.bin */,
			);
			name = osx;
			sourceTree = "<group>";
		};
		E4AB3925906043CC8B28FA6A /* src */ = {
			isa = PBXGroup;
			children = (
				11F2FCD4174B4469004B69D5 /* main.dart */,
				11F2FCD01749D68D004B69D5 /* debug.h */,
				BE4157FBC00D499E8A1E823A /* CinderDart.h */,
				93D66D98C7BF4530A8C085DC /* CinderDart.cpp */,
				11F2FCD2174B3D9D004B69D5 /* DartTypes.h */,
				11F2FCD1174B3D9D004B69D5 /* DartTypes.cpp */,
			);
			name = src;
			sourceTree = "<group>";
		};
/* End PBXGroup section */

/* Begin PBXNativeTarget section */
		8D1107260486CEB800E47090 /* DartBasic */ = {
			isa = PBXNativeTarget;
			buildConfigurationList = C01FCF4A08A954540054247B /* Build configuration list for PBXNativeTarget "DartBasic" */;
			buildPhases = (
				8D1107290486CEB800E47090 /* Resources */,
				8D11072C0486CEB800E47090 /* Sources */,
				8D11072E0486CEB800E47090 /* Frameworks */,
			);
			buildRules = (
			);
			dependencies = (
			);
			name = DartBasic;
			productInstallPath = "$(HOME)/Applications";
			productName = DartBasic;
			productReference = 8D1107320486CEB800E47090 /* DartBasic.app */;
			productType = "com.apple.product-type.application";
		};
/* End PBXNativeTarget section */

/* Begin PBXProject section */
		29B97313FDCFA39411CA2CEA /* Project object */ = {
			isa = PBXProject;
			buildConfigurationList = C01FCF4E08A954540054247B /* Build configuration list for PBXProject "DartBasic" */;
			compatibilityVersion = "Xcode 3.2";
			developmentRegion = English;
			hasScannedForEncodings = 1;
			knownRegions = (
				English,
				Japanese,
				French,
				German,
			);
			mainGroup = 29B97314FDCFA39411CA2CEA /* DartBasic */;
			projectDirPath = "";
			projectRoot = "";
			targets = (
				8D1107260486CEB800E47090 /* DartBasic */,
			);
		};
/* End PBXProject section */

/* Begin PBXResourcesBuildPhase section */
		8D1107290486CEB800E47090 /* Resources */ = {
			isa = PBXResourcesBuildPhase;
			buildActionMask = 2147483647;
			files = (
				59CE73DB70064828835143A5 /* CinderApp.icns in Resources */,
				BB7EFB0435F5450985C16995 /* snapshot_gen.bin in Resources */,
				11F2FCD5174B4469004B69D5 /* main.dart in Resources */,
			);
			runOnlyForDeploymentPostprocessing = 0;
		};
/* End PBXResourcesBuildPhase section */

/* Begin PBXSourcesBuildPhase section */
		8D11072C0486CEB800E47090 /* Sources */ = {
			isa = PBXSourcesBuildPhase;
			buildActionMask = 2147483647;
			files = (
				E11B07B22E3D4B08A4C6ED11 /* DartBasicApp.cpp in Sources */,
				4A28A468A8694C20A3EA5ABC /* CinderDart.cpp in Sources */,
				11F2FCD3174B3D9D004B69D5 /* DartTypes.cpp in Sources */,
			);
			runOnlyForDeploymentPostprocessing = 0;
		};
/* End PBXSourcesBuildPhase section */

/* Begin XCBuildConfiguration section */
		C01FCF4B08A954540054247B /* Debug */ = {
			isa = XCBuildConfiguration;
			buildSettings = {
				COMBINE_HIDPI_IMAGES = YES;
				COPY_PHASE_STRIP = NO;
				DEAD_CODE_STRIPPING = YES;
				GCC_DYNAMIC_NO_PIC = NO;
				GCC_INLINES_ARE_PRIVATE_EXTERN = YES;
				GCC_OPTIMIZATION_LEVEL = 0;
				GCC_PRECOMPILE_PREFIX_HEADER = YES;
				GCC_PREFIX_HEADER = DartBasic_Prefix.pch;
				GCC_PREPROCESSOR_DEFINITIONS = (
					"DEBUG=1",
					"$(inherited)",
				);
				GCC_SYMBOLS_PRIVATE_EXTERN = NO;
				INFOPLIST_FILE = Info.plist;
				INSTALL_PATH = "$(HOME)/Applications";
				OTHER_LDFLAGS = (
					"\"$(CINDER_PATH)/lib/libcinder_d.a\"",
					"\"../../../../../cinder-dev/blocks/Cinder-Dart/dart-runtime/osx/libdart_builtin.a\"",
					"\"../../../../../cinder-dev/blocks/Cinder-Dart/dart-runtime/osx/libdart_lib_withcore.a\"",
					"\"../../../../../cinder-dev/blocks/Cinder-Dart/dart-runtime/osx/libdart_vm.a\"",
					"\"../../../../../cinder-dev/blocks/Cinder-Dart/dart-runtime/osx/libdart_withcore.a\"",
					"\"../../../../../cinder-dev/blocks/Cinder-Dart/dart-runtime/osx/libdouble_conversion.a\"",
					"\"../../../../../cinder-dev/blocks/Cinder-Dart/dart-runtime/osx/libjscre.a\"",
				);
				PRODUCT_NAME = DartBasic;
				SYMROOT = ./build;
				WRAPPER_EXTENSION = app;
			};
			name = Debug;
		};
		C01FCF4C08A954540054247B /* Release */ = {
			isa = XCBuildConfiguration;
			buildSettings = {
				COMBINE_HIDPI_IMAGES = YES;
				DEAD_CODE_STRIPPING = YES;
				DEBUG_INFORMATION_FORMAT = "dwarf-with-dsym";
				GCC_FAST_MATH = YES;
				GCC_GENERATE_DEBUGGING_SYMBOLS = NO;
				GCC_INLINES_ARE_PRIVATE_EXTERN = YES;
				GCC_OPTIMIZATION_LEVEL = 3;
				GCC_PRECOMPILE_PREFIX_HEADER = YES;
				GCC_PREFIX_HEADER = DartBasic_Prefix.pch;
				GCC_SYMBOLS_PRIVATE_EXTERN = NO;
				INFOPLIST_FILE = Info.plist;
				INSTALL_PATH = "$(HOME)/Applications";
				OTHER_LDFLAGS = (
					"\"$(CINDER_PATH)/lib/libcinder.a\"",
					"\"../../../../../cinder-dev/blocks/Cinder-Dart/dart-runtime/osx/libdart_builtin.a\"",
					"\"../../../../../cinder-dev/blocks/Cinder-Dart/dart-runtime/osx/libdart_lib_withcore.a\"",
					"\"../../../../../cinder-dev/blocks/Cinder-Dart/dart-runtime/osx/libdart_vm.a\"",
					"\"../../../../../cinder-dev/blocks/Cinder-Dart/dart-runtime/osx/libdart_withcore.a\"",
					"\"../../../../../cinder-dev/blocks/Cinder-Dart/dart-runtime/osx/libdouble_conversion.a\"",
					"\"../../../../../cinder-dev/blocks/Cinder-Dart/dart-runtime/osx/libjscre.a\"",
				);
				PRODUCT_NAME = DartBasic;
				STRIP_INSTALLED_PRODUCT = YES;
				SYMROOT = ./build;
				WRAPPER_EXTENSION = app;
			};
			name = Release;
		};
		C01FCF4F08A954540054247B /* Debug */ = {
			isa = XCBuildConfiguration;
			buildSettings = {
				ALWAYS_SEARCH_USER_PATHS = NO;
				ARCHS = i386;
				CINDER_PATH = "../../../../../cinder-dev";
				CLANG_CXX_LANGUAGE_STANDARD = "c++0x";
				CLANG_CXX_LIBRARY = "libc++";
				GCC_WARN_ABOUT_RETURN_TYPE = YES;
				GCC_WARN_UNUSED_VARIABLE = YES;
				HEADER_SEARCH_PATHS = "\"$(CINDER_PATH)/boost\"";
				MACOSX_DEPLOYMENT_TARGET = 10.7;
				SDKROOT = macosx;
				USER_HEADER_SEARCH_PATHS = "\"$(CINDER_PATH)/include\" ../include \"../../../../../cinder-dev/blocks/Cinder-Dart/dart-runtime\" \"../../../../../cinder-dev/blocks/Cinder-Dart/src\"";
			};
			name = Debug;
		};
		C01FCF5008A954540054247B /* Release */ = {
			isa = XCBuildConfiguration;
			buildSettings = {
				ALWAYS_SEARCH_USER_PATHS = NO;
				ARCHS = i386;
				CINDER_PATH = "../../../../../cinder-dev";
				CLANG_CXX_LANGUAGE_STANDARD = "c++0x";
				CLANG_CXX_LIBRARY = "libc++";
				GCC_WARN_ABOUT_RETURN_TYPE = YES;
				GCC_WARN_UNUSED_VARIABLE = YES;
				HEADER_SEARCH_PATHS = "\"$(CINDER_PATH)/boost\"";
				MACOSX_DEPLOYMENT_TARGET = 10.7;
				SDKROOT = macosx;
				USER_HEADER_SEARCH_PATHS = "\"$(CINDER_PATH)/include\" ../include \"../../../../../cinder-dev/blocks/Cinder-Dart/dart-runtime\" \"../../../../../cinder-dev/blocks/Cinder-Dart/src\"";
			};
			name = Release;
		};
/* End XCBuildConfiguration section */

/* Begin XCConfigurationList section */
		C01FCF4A08A954540054247B /* Build configuration list for PBXNativeTarget "DartBasic" */ = {
			isa = XCConfigurationList;
			buildConfigurations = (
				C01FCF4B08A954540054247B /* Debug */,
				C01FCF4C08A954540054247B /* Release */,
			);
			defaultConfigurationIsVisible = 0;
			defaultConfigurationName = Release;
		};
		C01FCF4E08A954540054247B /* Build configuration list for PBXProject "DartBasic" */ = {
			isa = XCConfigurationList;
			buildConfigurations = (
				C01FCF4F08A954540054247B /* Debug */,
				C01FCF5008A954540054247B /* Release */,
			);
			defaultConfigurationIsVisible = 0;
			defaultConfigurationName = Release;
		};
/* End XCConfigurationList section */
	};
	rootObject = 29B97313FDCFA39411CA2CEA /* Project object */;
}
